
Microsoft Visual Studio Solution File, Format Version 12.00
# Visual Studio Version 17
VisualStudioVersion = 17.13.35806.99 d17.13
MinimumVisualStudioVersion = 10.0.40219.1
Project("{FAE04EC0-301F-11D3-BF4B-00C04F79EFBC}") = "Api", "Api.csproj", "{043604DE-8F98-419C-BE2C-33D45EE3809E}"
EndProject
Project("{FAE04EC0-301F-11D3-BF4B-00C04F79EFBC}") = "Domain", "..\Domain\Domain.csproj", "{3C84E87B-4AA9-459E-A4D6-4878298FE999}"
EndProject
Project("{FAE04EC0-301F-11D3-BF4B-00C04F79EFBC}") = "Application", "..\Application\Application.csproj", "{BCE40A54-227C-4BA6-BE31-1C66D355A4CE}"
EndProject
Project("{FAE04EC0-301F-11D3-BF4B-00C04F79EFBC}") = "Infrastructure", "..\Infrastructure\Infrastructure.csproj", "{34B4C683-E98E-4CE1-A371-DCB3A15ACC7B}"
EndProject
Project("{FAE04EC0-301F-11D3-BF4B-00C04F79EFBC}") = "Tests", "..\Tests\Tests.csproj", "{6CD4FEF7-A787-485D-AEE8-8BE497A59F53}"
EndProject
Global
	GlobalSection(SolutionConfigurationPlatforms) = preSolution
		Debug|Any CPU = Debug|Any CPU
		Release|Any CPU = Release|Any CPU
	EndGlobalSection
	GlobalSection(ProjectConfigurationPlatforms) = postSolution
		{043604DE-8F98-419C-BE2C-33D45EE3809E}.Debug|Any CPU.ActiveCfg = Debug|Any CPU
		{043604DE-8F98-419C-BE2C-33D45EE3809E}.Debug|Any CPU.Build.0 = Debug|Any CPU
		{043604DE-8F98-419C-BE2C-33D45EE3809E}.Release|Any CPU.ActiveCfg = Release|Any CPU
		{043604DE-8F98-419C-BE2C-33D45EE3809E}.Release|Any CPU.Build.0 = Release|Any CPU
		{3C84E87B-4AA9-459E-A4D6-4878298FE999}.Debug|Any CPU.ActiveCfg = Debug|Any CPU
		{3C84E87B-4AA9-459E-A4D6-4878298FE999}.Debug|Any CPU.Build.0 = Debug|Any CPU
		{3C84E87B-4AA9-459E-A4D6-4878298FE999}.Release|Any CPU.ActiveCfg = Release|Any CPU
		{3C84E87B-4AA9-459E-A4D6-4878298FE999}.Release|Any CPU.Build.0 = Release|Any CPU
		{BCE40A54-227C-4BA6-BE31-1C66D355A4CE}.Debug|Any CPU.ActiveCfg = Debug|Any CPU
		{BCE40A54-227C-4BA6-BE31-1C66D355A4CE}.Debug|Any CPU.Build.0 = Debug|Any CPU
		{BCE40A54-227C-4BA6-BE31-1C66D355A4CE}.Release|Any CPU.ActiveCfg = Release|Any CPU
		{BCE40A54-227C-4BA6-BE31-1C66D355A4CE}.Release|Any CPU.Build.0 = Release|Any CPU
		{34B4C683-E98E-4CE1-A371-DCB3A15ACC7B}.Debug|Any CPU.ActiveCfg = Debug|Any CPU
		{34B4C683-E98E-4CE1-A371-DCB3A15ACC7B}.Debug|Any CPU.Build.0 = Debug|Any CPU
		{34B4C683-E98E-4CE1-A371-DCB3A15ACC7B}.Release|Any CPU.ActiveCfg = Release|Any CPU
		{34B4C683-E98E-4CE1-A371-DCB3A15ACC7B}.Release|Any CPU.Build.0 = Release|Any CPU
		{6CD4FEF7-A787-485D-AEE8-8BE497A59F53}.Debug|Any CPU.ActiveCfg = Debug|Any CPU
		{6CD4FEF7-A787-485D-AEE8-8BE497A59F53}.Debug|Any CPU.Build.0 = Debug|Any CPU
		{6CD4FEF7-A787-485D-AEE8-8BE497A59F53}.Release|Any CPU.ActiveCfg = Release|Any CPU
		{6CD4FEF7-A787-485D-AEE8-8BE497A59F53}.Release|Any CPU.Build.0 = Release|Any CPU
	EndGlobalSection
	GlobalSection(SolutionProperties) = preSolution
		HideSolutionNode = FALSE
	EndGlobalSection
	GlobalSection(ExtensibilityGlobals) = postSolution
		SolutionGuid = {9EB7A3EB-F84A-4939-9554-A5FD8A867A99}
	EndGlobalSection
EndGlobal
